{"SurveyEntry":{"SurveyID":"SV_9L8wlCv796BMfJk","SurveyName":"BIO153 WS1","SurveyDescription":null,"SurveyOwnerID":"URH_0JLzfsXw6WXDyni","SurveyBrandID":"umassamherst","DivisionID":"DV_9Hm5UAbf8nT8SnH","SurveyLanguage":"EN","SurveyActiveResponseSet":"RS_cRP9KV1sAL3i6G2","SurveyStatus":"Active","SurveyStartDate":"0000-00-00 00:00:00","SurveyExpirationDate":"0000-00-00 00:00:00","SurveyCreationDate":"2021-02-09 15:42:23","CreatorID":"URH_0JLzfsXw6WXDyni","LastModified":"2021-02-09 22:32:12","LastAccessed":"0000-00-00 00:00:00","LastActivated":"2021-02-09 15:52:57","Deleted":null},"SurveyElements":[{"SurveyID":"SV_9L8wlCv796BMfJk","Element":"BL","PrimaryAttribute":"Survey Blocks","SecondaryAttribute":null,"TertiaryAttribute":null,"Payload":[{"Type":"Default","Description":"Student Information","ID":"BL_4OSMhbiReN72JVP","BlockElements":[{"Type":"Question","QuestionID":"QID59"},{"Type":"Question","QuestionID":"QID120"},{"Type":"Question","QuestionID":"QID121"},{"Type":"Question","QuestionID":"QID72"},{"Type":"Question","QuestionID":"QID73"},{"Type":"Page Break"},{"Type":"Question","QuestionID":"QID1"},{"Type":"Question","QuestionID":"QID14"},{"Type":"Question","QuestionID":"QID76"},{"Type":"Question","QuestionID":"QID77"},{"Type":"Question","QuestionID":"QID79"},{"Type":"Question","QuestionID":"QID80"},{"Type":"Question","QuestionID":"QID81"},{"Type":"Question","QuestionID":"QID82"},{"Type":"Question","QuestionID":"QID85"},{"Type":"Question","QuestionID":"QID86"},{"Type":"Question","QuestionID":"QID140"},{"Type":"Question","QuestionID":"QID141"},{"Type":"Question","QuestionID":"QID87"},{"Type":"Question","QuestionID":"QID88"},{"Type":"Question","QuestionID":"QID127"},{"Type":"Question","QuestionID":"QID128"},{"Type":"Question","QuestionID":"QID129"},{"Type":"Question","QuestionID":"QID130"},{"Type":"Question","QuestionID":"QID131"},{"Type":"Question","QuestionID":"QID132"},{"Type":"Question","QuestionID":"QID133"},{"Type":"Question","QuestionID":"QID134"},{"Type":"Question","QuestionID":"QID135"},{"Type":"Question","QuestionID":"QID136"},{"Type":"Question","QuestionID":"QID137"},{"Type":"Question","QuestionID":"QID138"},{"Type":"Question","QuestionID":"QID109"}]},{"Type":"Trash","Description":"Trash \/ Unused Questions","ID":"BL_ewGzYcbLcGN3MB7","BlockElements":[{"Type":"Question","QuestionID":"QID122"},{"Type":"Question","QuestionID":"QID139"}]}]},{"SurveyID":"SV_9L8wlCv796BMfJk","Element":"FL","PrimaryAttribute":"Survey Flow","SecondaryAttribute":null,"TertiaryAttribute":null,"Payload":{"Flow":[{"ID":"BL_4OSMhbiReN72JVP","Type":"Block","FlowID":"FL_2"}],"Properties":{"Count":2},"FlowID":"FL_1","Type":"Root"}},{"SurveyID":"SV_9L8wlCv796BMfJk","Element":"RS","PrimaryAttribute":"RS_cRP9KV1sAL3i6G2","SecondaryAttribute":null,"TertiaryAttribute":null,"Payload":null},{"SurveyID":"SV_9L8wlCv796BMfJk","Element":"SO","PrimaryAttribute":"Survey Options","SecondaryAttribute":null,"TertiaryAttribute":null,"Payload":{"BackButton":"false","SaveAndContinue":"true","SurveyProtection":"PublicSurvey","BallotBoxStuffingPrevention":"false","NoIndex":"Yes","SecureResponseFiles":"true","SurveyExpiration":"None","SurveyTermination":"DefaultMessage","Header":"","Footer":"","ProgressBarDisplay":"None","PartialData":"+1 week","ValidationMessage":"","PreviousButton":" \u2190 ","NextButton":" \u2192 ","SurveyTitle":"Online Survey Software | Qualtrics Survey Solutions","SkinLibrary":"umassamherst","SkinType":"MQ","Skin":"umassamherst1","NewScoring":1,"ProtectSelectionIds":true,"SurveyName":"BIO153 WS1"}},{"SurveyID":"SV_9L8wlCv796BMfJk","Element":"SCO","PrimaryAttribute":"Scoring","SecondaryAttribute":null,"TertiaryAttribute":null,"Payload":{"ScoringCategories":[],"ScoringCategoryGroups":[],"ScoringSummaryCategory":null,"ScoringSummaryAfterQuestions":0,"ScoringSummaryAfterSurvey":0,"DefaultScoringCategory":null,"AutoScoringCategory":null}},{"SurveyID":"SV_9L8wlCv796BMfJk","Element":"PROJ","PrimaryAttribute":"CORE","SecondaryAttribute":null,"TertiaryAttribute":"1.1.0","Payload":{"ProjectCategory":"CORE","SchemaVersion":"1.1.0"}},{"SurveyID":"SV_9L8wlCv796BMfJk","Element":"STAT","PrimaryAttribute":"Survey Statistics","SecondaryAttribute":null,"TertiaryAttribute":null,"Payload":{"MobileCompatible":true,"ID":"Survey Statistics"}},{"SurveyID":"SV_9L8wlCv796BMfJk","Element":"QC","PrimaryAttribute":"Survey Question Count","SecondaryAttribute":"141","TertiaryAttribute":null,"Payload":null},{"SurveyID":"SV_9L8wlCv796BMfJk","Element":"SQ","PrimaryAttribute":"QID120","SecondaryAttribute":"28","TertiaryAttribute":null,"Payload":{"QuestionText":"28","DefaultChoices":false,"DataExportTag":"Q21","QuestionID":"QID120","QuestionType":"MC","Selector":"DL","DataVisibility":{"Private":false,"Hidden":false},"Configuration":{"QuestionDescriptionOption":"UseText"},"QuestionDescription":"28","Choices":{"180":{"Display":"8818216"},"201":{"Display":"8818219"},"202":{"Display":"8818212"},"203":{"Display":"8818223"},"204":{"Display":"8818229"},"205":{"Display":"8818227"},"206":{"Display":"8818210"},"207":{"Display":"8818217"},"208":{"Display":"8818228"},"209":{"Display":"8818218"},"210":{"Display":"8818209"},"211":{"Display":"8818224"},"212":{"Display":"8818222"},"213":{"Display":"8818221"},"214":{"Display":"8818225"},"215":{"Display":"8818211"},"216":{"Display":"8818226"},"217":{"Display":"8818215"},"218":{"Display":"8818220"},"219":{"Display":"8818214"},"220":{"Display":"8818213"}},"DisplayLogic":{"0":{"0":{"LogicType":"Question","QuestionID":"QID59","QuestionIsInLoop":"no","ChoiceLocator":"q:\/\/QID59\/SelectableChoice\/1","Operator":"Selected","QuestionIDFromLocator":"QID59","LeftOperand":"q:\/\/QID59\/SelectableChoice\/1","Type":"Expression","Description":"<span class=\"ConjDesc\">If<\/span> <span class=\"QuestionDesc\">Lab Section<\/span> <span class=\"LeftOpDesc\">28<\/span> <span class=\"OpDesc\">Is Selected<\/span> "},"Type":"If"},"Type":"BooleanExpression","inPage":false},"ChoiceOrder":["180","201","202","203","204","205","206","207","208","209","210","211","212","213","214","215","216","217","218","219","220"],"Validation":{"Settings":{"ForceResponse":"OFF","ForceResponseType":"ON","Type":"None"}},"GradingData":[],"Language":[],"NextChoiceId":221,"NextAnswerId":1}},{"SurveyID":"SV_9L8wlCv796BMfJk","Element":"SQ","PrimaryAttribute":"QID121","SecondaryAttribute":"41","TertiaryAttribute":null,"Payload":{"QuestionText":"41","DataExportTag":"Q22","QuestionType":"MC","Selector":"DL","Configuration":{"QuestionDescriptionOption":"UseText"},"QuestionDescription":"41","Choices":{"1":{"Display":"8817319"},"178":{"Display":"8817323"},"179":{"Display":"8817325"},"180":{"Display":"8817318"},"181":{"Display":"8817316"},"182":{"Display":"8817317"},"183":{"Display":"8817315"},"184":{"Display":"8817322"},"185":{"Display":"8817324"},"186":{"Display":"8817321"},"187":{"Display":"8817320"}},"ChoiceOrder":["1","178","179","180","181","182","183","184","185","186","187"],"Validation":{"Settings":{"ForceResponse":"OFF","ForceResponseType":"ON","Type":"None"}},"Language":[],"NextChoiceId":188,"NextAnswerId":1,"QuestionID":"QID121","DisplayLogic":{"0":{"0":{"ChoiceLocator":"q:\/\/QID59\/SelectableChoice\/2","Description":"<span class=\"ConjDesc\">If<\/span> <span class=\"QuestionDesc\">Lab Section<\/span> <span class=\"LeftOpDesc\">41<\/span> <span class=\"OpDesc\">Is Selected<\/span> ","LeftOperand":"q:\/\/QID59\/SelectableChoice\/2","LogicType":"Question","Operator":"Selected","QuestionID":"QID59","QuestionIDFromLocator":"QID59","QuestionIsInLoop":"no","Type":"Expression"},"Type":"If"},"Type":"BooleanExpression","inPage":false},"DefaultChoices":false,"DataVisibility":{"Private":false,"Hidden":false},"GradingData":[]}},{"SurveyID":"SV_9L8wlCv796BMfJk","Element":"SQ","PrimaryAttribute":"QID109","SecondaryAttribute":"Final comments:","TertiaryAttribute":null,"Payload":{"QuestionText":"Final comments:","DefaultChoices":false,"DataExportTag":"Q54","QuestionType":"TE","Selector":"SL","DataVisibility":{"Private":false,"Hidden":false},"Configuration":{"QuestionDescriptionOption":"UseText"},"QuestionDescription":"Final comments:","Validation":{"Settings":{"ForceResponse":"OFF","ForceResponseType":"ON","Type":"None"}},"GradingData":[],"Language":[],"NextChoiceId":4,"NextAnswerId":1,"SearchSource":{"AllowFreeResponse":"false"},"QuestionID":"QID109"}},{"SurveyID":"SV_9L8wlCv796BMfJk","Element":"SQ","PrimaryAttribute":"QID73","SecondaryAttribute":"Grader","TertiaryAttribute":null,"Payload":{"QuestionText":"Grader","DefaultChoices":{"1":{"Selected":true}},"DataExportTag":"Q88","QuestionType":"MC","Selector":"DL","DataVisibility":{"Private":false,"Hidden":false},"Configuration":{"QuestionDescriptionOption":"UseText"},"QuestionDescription":"Grader","Choices":{"1":{"Display":"Ramiro"},"2":{"Display":"Sandarsh"},"3":{"Display":"Sean"},"4":{"Display":"Tejas"}},"ChoiceOrder":[1,2,3,4],"Validation":{"Settings":{"ForceResponse":"ON","ForceResponseType":"ON","Type":"None"}},"GradingData":[],"Language":[],"NextChoiceId":5,"NextAnswerId":1,"QuestionID":"QID73"}},{"SurveyID":"SV_9L8wlCv796BMfJk","Element":"SQ","PrimaryAttribute":"QID72","SecondaryAttribute":"Initials","TertiaryAttribute":null,"Payload":{"QuestionText":"Initials","DefaultChoices":false,"DataExportTag":"Q86","QuestionType":"TE","Selector":"SL","DataVisibility":{"Private":false,"Hidden":false},"Configuration":{"QuestionDescriptionOption":"UseText"},"QuestionDescription":"Initials","Validation":{"Settings":{"ForceResponse":"ON","ForceResponseType":"ON","Type":"None"}},"GradingData":[],"Language":[],"NextChoiceId":4,"NextAnswerId":1,"SearchSource":{"AllowFreeResponse":"false"},"QuestionID":"QID72"}},{"SurveyID":"SV_9L8wlCv796BMfJk","Element":"SQ","PrimaryAttribute":"QID59","SecondaryAttribute":"Lab Section","TertiaryAttribute":null,"Payload":{"QuestionText":"Lab Section","DefaultChoices":false,"DataExportTag":"Q60","QuestionType":"MC","Selector":"DL","DataVisibility":{"Private":false,"Hidden":false},"Configuration":{"QuestionDescriptionOption":"UseText"},"QuestionDescription":"Lab Section","Choices":{"1":{"Display":"28"},"2":{"Display":"41"}},"ChoiceOrder":[1,2],"Validation":{"Settings":{"ForceResponse":"ON","ForceResponseType":"ON","Type":"None"}},"GradingData":[],"Language":[],"NextChoiceId":13,"NextAnswerId":1,"QuestionID":"QID59"}},{"SurveyID":"SV_9L8wlCv796BMfJk","Element":"SQ","PrimaryAttribute":"QID122","SecondaryAttribute":"LV","TertiaryAttribute":null,"Payload":{"QuestionText":"LV","DataExportTag":"Q23","QuestionType":"MC","Selector":"DL","Configuration":{"QuestionDescriptionOption":"UseText"},"QuestionDescription":"LV","Choices":{"1":{"Display":"8745572"},"124":{"Display":"8745576"},"125":{"Display":"8745579"},"126":{"Display":"8745573"},"127":{"Display":"8745569"},"128":{"Display":"8745577"},"129":{"Display":"8745574"},"130":{"Display":"8745559"},"131":{"Display":"8745568"},"132":{"Display":"8745560"},"133":{"Display":"8745565"},"134":{"Display":"8745563"},"135":{"Display":"8745564"},"136":{"Display":"8745561"},"137":{"Display":"8745566"},"138":{"Display":"8745578"},"139":{"Display":"8745570"},"140":{"Display":"8745575"},"141":{"Display":"8745571"},"142":{"Display":"8745567"},"143":{"Display":"8745562"}},"ChoiceOrder":["1","124","125","126","127","128","129","130","131","132","133","134","135","136","137","138","139","140","141","142","143"],"Validation":{"Settings":{"ForceResponse":"ON","ForceResponseType":"ON","Type":"None"}},"Language":[],"NextChoiceId":144,"NextAnswerId":1,"QuestionID":"QID122","DisplayLogic":{"0":{"0":{"ChoiceLocator":"q:\/\/QID59\/SelectableChoice\/3","Description":"<span class=\"Error\">Invalid Logic<\/span> <a href=\"javascript:void(0)\" clickcallback=\"Qualtrics.DisplayLogic.edit:DL_14031080\" instanceid=\"LE_41165003\">Click Here to Edit Logic<\/a>","LeftOperand":"q:\/\/QID59\/SelectableChoice\/3","LogicType":"Question","Operator":"Selected","QuestionID":"QID59","QuestionIDFromLocator":"QID59","QuestionIsInLoop":"no","Type":"Expression"},"Type":"If"},"Type":"BooleanExpression","inPage":false},"DataVisibility":{"Private":false,"Hidden":false}}},{"SurveyID":"SV_9L8wlCv796BMfJk","Element":"SQ","PrimaryAttribute":"QID1","SecondaryAttribute":"Q02a","TertiaryAttribute":null,"Payload":{"QuestionText":"Q02a","DataExportTag":"Q1","QuestionType":"MC","Selector":"SAVR","SubSelector":"TX","Configuration":{"QuestionDescriptionOption":"UseText"},"QuestionDescription":"Q02a","Choices":{"1":{"Display":"Correct"},"2":{"Display":"No answer"},"3":{"Display":"Partially correct.","TextEntry":"true"},"4":{"Display":"Partially correct"},"5":{"Display":"Incorrect.","TextEntry":"true"}},"ChoiceOrder":[1,"4",2,3,"5"],"Validation":{"Settings":{"ForceResponse":"ON","ForceResponseType":"ON","Type":"None"}},"Language":[],"NextChoiceId":6,"NextAnswerId":1,"QuestionID":"QID1","DefaultChoices":{"1":{"Selected":true}},"DataVisibility":{"Private":false,"Hidden":false}}},{"SurveyID":"SV_9L8wlCv796BMfJk","Element":"SQ","PrimaryAttribute":"QID14","SecondaryAttribute":"Q02a_p (0.5 points)","TertiaryAttribute":null,"Payload":{"QuestionText":"Q02a_p (0.5 points)","DataExportTag":"Q2","QuestionType":"MC","Selector":"DL","Configuration":{"QuestionDescriptionOption":"UseText"},"QuestionDescription":"Q02a_p (0.5 points)","Choices":{"1":{"Display":"0"},"2":{"Display":"0.25"},"3":{"Display":"0.5"}},"ChoiceOrder":[1,2,3],"Validation":{"Settings":{"ForceResponse":"OFF","ForceResponseType":"ON","Type":"None"}},"Language":[],"NextChoiceId":31,"NextAnswerId":1,"QuestionID":"QID14","GradingData":[],"DefaultChoices":{"3":{"Selected":true}},"DataVisibility":{"Private":false,"Hidden":false}}},{"SurveyID":"SV_9L8wlCv796BMfJk","Element":"SQ","PrimaryAttribute":"QID76","SecondaryAttribute":"Q02b","TertiaryAttribute":null,"Payload":{"QuestionText":"Q02b","DefaultChoices":{"1":{"Selected":true}},"DataExportTag":"Q20","QuestionType":"MC","Selector":"SAVR","SubSelector":"TX","DataVisibility":{"Private":false,"Hidden":false},"Configuration":{"QuestionDescriptionOption":"UseText"},"QuestionDescription":"Q02b","Choices":{"1":{"Display":"Correct"},"2":{"Display":"No answer"},"3":{"Display":"Partially correct.","TextEntry":"true"},"4":{"Display":"Partially correct"},"5":{"Display":"Incorrect.","TextEntry":"true"}},"ChoiceOrder":[1,"4",2,3,"5"],"Validation":{"Settings":{"ForceResponse":"ON","ForceResponseType":"ON","Type":"None"}},"Language":[],"NextChoiceId":6,"NextAnswerId":1,"QuestionID":"QID76"}},{"SurveyID":"SV_9L8wlCv796BMfJk","Element":"SQ","PrimaryAttribute":"QID77","SecondaryAttribute":"Q02b_p (0.5 points)","TertiaryAttribute":null,"Payload":{"QuestionText":"Q02b_p (0.5 points)","DefaultChoices":{"3":{"Selected":true}},"DataExportTag":"Q21","QuestionType":"MC","Selector":"DL","DataVisibility":{"Private":false,"Hidden":false},"Configuration":{"QuestionDescriptionOption":"UseText"},"QuestionDescription":"Q02b_p (0.5 points)","Choices":{"1":{"Display":"0"},"2":{"Display":"0.25"},"3":{"Display":"0.5"}},"ChoiceOrder":[1,2,3],"Validation":{"Settings":{"ForceResponse":"OFF","ForceResponseType":"ON","Type":"None"}},"GradingData":[],"Language":[],"NextChoiceId":37,"NextAnswerId":1,"QuestionID":"QID77"}},{"SurveyID":"SV_9L8wlCv796BMfJk","Element":"SQ","PrimaryAttribute":"QID79","SecondaryAttribute":"Q03a","TertiaryAttribute":null,"Payload":{"QuestionText":"Q03a","DefaultChoices":{"1":{"Selected":true}},"DataExportTag":"Q23","QuestionType":"MC","Selector":"SAVR","SubSelector":"TX","DataVisibility":{"Private":false,"Hidden":false},"Configuration":{"QuestionDescriptionOption":"UseText"},"QuestionDescription":"Q03a","Choices":{"1":{"Display":"Correct"},"2":{"Display":"No answer"},"3":{"Display":"Partially correct.","TextEntry":"true"},"4":{"Display":"Partially correct"},"5":{"Display":"Incorrect.","TextEntry":"true"}},"ChoiceOrder":[1,"4",2,3,"5"],"Validation":{"Settings":{"ForceResponse":"ON","ForceResponseType":"ON","Type":"None"}},"Language":[],"NextChoiceId":6,"NextAnswerId":1,"QuestionID":"QID79"}},{"SurveyID":"SV_9L8wlCv796BMfJk","Element":"SQ","PrimaryAttribute":"QID80","SecondaryAttribute":"Q03a_p (0.5 points)","TertiaryAttribute":null,"Payload":{"QuestionText":"Q03a_p (0.5 points)","DefaultChoices":{"3":{"Selected":true}},"DataExportTag":"Q24","QuestionType":"MC","Selector":"DL","DataVisibility":{"Private":false,"Hidden":false},"Configuration":{"QuestionDescriptionOption":"UseText"},"QuestionDescription":"Q03a_p (0.5 points)","Choices":{"1":{"Display":"0"},"2":{"Display":"0.25"},"3":{"Display":"0.5"}},"ChoiceOrder":[1,2,3],"Validation":{"Settings":{"ForceResponse":"OFF","ForceResponseType":"ON","Type":"None"}},"GradingData":[],"Language":[],"NextChoiceId":20,"NextAnswerId":1,"QuestionID":"QID80"}},{"SurveyID":"SV_9L8wlCv796BMfJk","Element":"SQ","PrimaryAttribute":"QID81","SecondaryAttribute":"Q03b","TertiaryAttribute":null,"Payload":{"QuestionText":"Q03b","DefaultChoices":{"1":{"Selected":true}},"DataExportTag":"Q25","QuestionType":"MC","Selector":"SAVR","SubSelector":"TX","DataVisibility":{"Private":false,"Hidden":false},"Configuration":{"QuestionDescriptionOption":"UseText"},"QuestionDescription":"Q03b","Choices":{"1":{"Display":"Correct"},"2":{"Display":"No answer"},"3":{"Display":"Partially correct.","TextEntry":"true"},"4":{"Display":"Partially correct"},"5":{"Display":"Incorrect.","TextEntry":"true"}},"ChoiceOrder":[1,"4",2,3,"5"],"Validation":{"Settings":{"ForceResponse":"ON","ForceResponseType":"ON","Type":"None"}},"Language":[],"NextChoiceId":6,"NextAnswerId":1,"QuestionID":"QID81"}},{"SurveyID":"SV_9L8wlCv796BMfJk","Element":"SQ","PrimaryAttribute":"QID82","SecondaryAttribute":"Q03b_p (0.5 points)","TertiaryAttribute":null,"Payload":{"QuestionText":"Q03b_p (0.5 points)","DefaultChoices":{"3":{"Selected":true}},"DataExportTag":"Q26","QuestionType":"MC","Selector":"DL","DataVisibility":{"Private":false,"Hidden":false},"Configuration":{"QuestionDescriptionOption":"UseText"},"QuestionDescription":"Q03b_p (0.5 points)","Choices":{"1":{"Display":"0"},"2":{"Display":"0.25"},"3":{"Display":"0.5"}},"ChoiceOrder":[1,2,3],"Validation":{"Settings":{"ForceResponse":"OFF","ForceResponseType":"ON","Type":"None"}},"GradingData":[],"Language":[],"NextChoiceId":38,"NextAnswerId":1,"QuestionID":"QID82"}},{"SurveyID":"SV_9L8wlCv796BMfJk","Element":"SQ","PrimaryAttribute":"QID85","SecondaryAttribute":"Q04a","TertiaryAttribute":null,"Payload":{"QuestionText":"Q04a","DefaultChoices":{"1":{"Selected":true}},"DataExportTag":"Q29","QuestionType":"MC","Selector":"SAVR","SubSelector":"TX","DataVisibility":{"Private":false,"Hidden":false},"Configuration":{"QuestionDescriptionOption":"UseText"},"QuestionDescription":"Q04a","Choices":{"1":{"Display":"Correct"},"2":{"Display":"No answer"},"3":{"Display":"Partially correct.","TextEntry":"true"},"4":{"Display":"Partially correct"},"5":{"Display":"Incorrect.","TextEntry":"true"}},"ChoiceOrder":[1,"4",2,3,"5"],"Validation":{"Settings":{"ForceResponse":"ON","ForceResponseType":"ON","Type":"None"}},"Language":[],"NextChoiceId":6,"NextAnswerId":1,"QuestionID":"QID85"}},{"SurveyID":"SV_9L8wlCv796BMfJk","Element":"SQ","PrimaryAttribute":"QID86","SecondaryAttribute":"Q04a_p (0.5 points)","TertiaryAttribute":null,"Payload":{"QuestionText":"Q04a_p (0.5 points)","DefaultChoices":{"3":{"Selected":true}},"DataExportTag":"Q30","QuestionType":"MC","Selector":"DL","DataVisibility":{"Private":false,"Hidden":false},"Configuration":{"QuestionDescriptionOption":"UseText"},"QuestionDescription":"Q04a_p (0.5 points)","Choices":{"1":{"Display":"0"},"2":{"Display":"0.25"},"3":{"Display":"0.5"}},"ChoiceOrder":[1,2,3],"Validation":{"Settings":{"ForceResponse":"OFF","ForceResponseType":"ON","Type":"None"}},"GradingData":[],"Language":[],"NextChoiceId":23,"NextAnswerId":1,"QuestionID":"QID86"}},{"SurveyID":"SV_9L8wlCv796BMfJk","Element":"SQ","PrimaryAttribute":"QID140","SecondaryAttribute":"Q04b","TertiaryAttribute":null,"Payload":{"QuestionText":"Q04b","DefaultChoices":{"1":{"Selected":true}},"DataExportTag":"Q33","QuestionType":"MC","Selector":"SAVR","SubSelector":"TX","DataVisibility":{"Private":false,"Hidden":false},"Configuration":{"QuestionDescriptionOption":"UseText"},"QuestionDescription":"Q04b","Choices":{"1":{"Display":"Correct"},"2":{"Display":"No answer"},"3":{"Display":"Partially correct.","TextEntry":"true"},"4":{"Display":"Partially correct"},"5":{"Display":"Incorrect.","TextEntry":"true"}},"ChoiceOrder":[1,"4",2,3,"5"],"Validation":{"Settings":{"ForceResponse":"ON","ForceResponseType":"ON","Type":"None"}},"Language":[],"NextChoiceId":6,"NextAnswerId":1,"QuestionID":"QID140"}},{"SurveyID":"SV_9L8wlCv796BMfJk","Element":"SQ","PrimaryAttribute":"QID141","SecondaryAttribute":"Q04b_p (0.5 points)","TertiaryAttribute":null,"Payload":{"QuestionText":"Q04b_p (0.5 points)","DefaultChoices":{"3":{"Selected":true}},"DataExportTag":"Q34","QuestionType":"MC","Selector":"DL","DataVisibility":{"Private":false,"Hidden":false},"Configuration":{"QuestionDescriptionOption":"UseText"},"QuestionDescription":"Q04b_p (0.5 points)","Choices":{"1":{"Display":"0"},"2":{"Display":"0.25"},"3":{"Display":"0.5"}},"ChoiceOrder":[1,2,3],"Validation":{"Settings":{"ForceResponse":"OFF","ForceResponseType":"ON","Type":"None"}},"GradingData":[],"Language":[],"NextChoiceId":23,"NextAnswerId":1,"QuestionID":"QID141"}},{"SurveyID":"SV_9L8wlCv796BMfJk","Element":"SQ","PrimaryAttribute":"QID87","SecondaryAttribute":"Q05a","TertiaryAttribute":null,"Payload":{"QuestionText":"Q05a","DefaultChoices":{"1":{"Selected":true}},"DataExportTag":"Q31","QuestionType":"MC","Selector":"SAVR","SubSelector":"TX","DataVisibility":{"Private":false,"Hidden":false},"Configuration":{"QuestionDescriptionOption":"UseText"},"QuestionDescription":"Q05a","Choices":{"1":{"Display":"Correct"},"2":{"Display":"No answer"},"3":{"Display":"Partially correct.","TextEntry":"true"},"4":{"Display":"Partially correct"},"5":{"Display":"Incorrect.","TextEntry":"true"}},"ChoiceOrder":[1,"4",2,3,"5"],"Validation":{"Settings":{"ForceResponse":"ON","ForceResponseType":"ON","Type":"None"}},"Language":[],"NextChoiceId":6,"NextAnswerId":1,"QuestionID":"QID87"}},{"SurveyID":"SV_9L8wlCv796BMfJk","Element":"SQ","PrimaryAttribute":"QID88","SecondaryAttribute":"Q05a_p (1 point)","TertiaryAttribute":null,"Payload":{"QuestionText":"Q05a_p (1 point)","DefaultChoices":{"3":{"Selected":true}},"DataExportTag":"Q32","QuestionType":"MC","Selector":"DL","DataVisibility":{"Private":false,"Hidden":false},"Configuration":{"QuestionDescriptionOption":"UseText"},"QuestionDescription":"Q05a_p (1 point)","Choices":{"1":{"Display":"0"},"2":{"Display":"0.5"},"3":{"Display":"1"}},"ChoiceOrder":[1,2,3],"Validation":{"Settings":{"ForceResponse":"OFF","ForceResponseType":"ON","Type":"None"}},"GradingData":[],"Language":[],"NextChoiceId":40,"NextAnswerId":1,"QuestionID":"QID88"}},{"SurveyID":"SV_9L8wlCv796BMfJk","Element":"SQ","PrimaryAttribute":"QID127","SecondaryAttribute":"Q05b","TertiaryAttribute":null,"Payload":{"QuestionText":"Q05b","DefaultChoices":{"1":{"Selected":true}},"DataExportTag":"Q20","QuestionType":"MC","Selector":"SAVR","SubSelector":"TX","DataVisibility":{"Private":false,"Hidden":false},"Configuration":{"QuestionDescriptionOption":"UseText"},"QuestionDescription":"Q05b","Choices":{"1":{"Display":"Correct"},"2":{"Display":"No answer"},"3":{"Display":"Partially correct.","TextEntry":"true"},"4":{"Display":"Partially correct"},"5":{"Display":"Incorrect.","TextEntry":"true"}},"ChoiceOrder":[1,"4",2,3,"5"],"Validation":{"Settings":{"ForceResponse":"ON","ForceResponseType":"ON","Type":"None"}},"Language":[],"NextChoiceId":6,"NextAnswerId":1,"QuestionID":"QID127"}},{"SurveyID":"SV_9L8wlCv796BMfJk","Element":"SQ","PrimaryAttribute":"QID128","SecondaryAttribute":"Q05b_p (1 point)","TertiaryAttribute":null,"Payload":{"QuestionText":"Q05b_p (1 point)","DefaultChoices":{"3":{"Selected":true}},"DataExportTag":"Q21","QuestionType":"MC","Selector":"DL","DataVisibility":{"Private":false,"Hidden":false},"Configuration":{"QuestionDescriptionOption":"UseText"},"QuestionDescription":"Q05b_p (1 point)","Choices":{"1":{"Display":"0"},"2":{"Display":"0.5"},"3":{"Display":"1"}},"ChoiceOrder":[1,2,3],"Validation":{"Settings":{"ForceResponse":"OFF","ForceResponseType":"ON","Type":"None"}},"GradingData":[],"Language":[],"NextChoiceId":45,"NextAnswerId":1,"QuestionID":"QID128"}},{"SurveyID":"SV_9L8wlCv796BMfJk","Element":"SQ","PrimaryAttribute":"QID129","SecondaryAttribute":"Q05c","TertiaryAttribute":null,"Payload":{"QuestionText":"Q05c","DefaultChoices":{"1":{"Selected":true}},"DataExportTag":"Q22","QuestionType":"MC","Selector":"SAVR","SubSelector":"TX","DataVisibility":{"Private":false,"Hidden":false},"Configuration":{"QuestionDescriptionOption":"UseText"},"QuestionDescription":"Q05c","Choices":{"1":{"Display":"Correct"},"2":{"Display":"No answer"},"3":{"Display":"Partially correct.","TextEntry":"true"},"4":{"Display":"Partially correct"},"5":{"Display":"Incorrect.","TextEntry":"true"}},"ChoiceOrder":[1,"4",2,3,"5"],"Validation":{"Settings":{"ForceResponse":"ON","ForceResponseType":"ON","Type":"None"}},"Language":[],"NextChoiceId":6,"NextAnswerId":1,"QuestionID":"QID129"}},{"SurveyID":"SV_9L8wlCv796BMfJk","Element":"SQ","PrimaryAttribute":"QID130","SecondaryAttribute":"Q05c_p (1 point)","TertiaryAttribute":null,"Payload":{"QuestionText":"Q05c_p (1 point)","DefaultChoices":{"3":{"Selected":true}},"DataExportTag":"Q23","QuestionType":"MC","Selector":"DL","DataVisibility":{"Private":false,"Hidden":false},"Configuration":{"QuestionDescriptionOption":"UseText"},"QuestionDescription":"Q05c_p (1 point)","Choices":{"1":{"Display":"0"},"2":{"Display":"0.5"},"3":{"Display":"1"}},"ChoiceOrder":[1,2,3],"Validation":{"Settings":{"ForceResponse":"OFF","ForceResponseType":"ON","Type":"None"}},"GradingData":[],"Language":[],"NextChoiceId":45,"NextAnswerId":1,"QuestionID":"QID130"}},{"SurveyID":"SV_9L8wlCv796BMfJk","Element":"SQ","PrimaryAttribute":"QID131","SecondaryAttribute":"Q05d","TertiaryAttribute":null,"Payload":{"QuestionText":"Q05d","DefaultChoices":{"1":{"Selected":true}},"DataExportTag":"Q24","QuestionType":"MC","Selector":"SAVR","SubSelector":"TX","DataVisibility":{"Private":false,"Hidden":false},"Configuration":{"QuestionDescriptionOption":"UseText"},"QuestionDescription":"Q05d","Choices":{"1":{"Display":"Correct"},"2":{"Display":"No answer"},"3":{"Display":"Partially correct.","TextEntry":"true"},"4":{"Display":"Partially correct"},"5":{"Display":"Incorrect.","TextEntry":"true"}},"ChoiceOrder":[1,"4",2,3,"5"],"Validation":{"Settings":{"ForceResponse":"ON","ForceResponseType":"ON","Type":"None"}},"Language":[],"NextChoiceId":6,"NextAnswerId":1,"QuestionID":"QID131"}},{"SurveyID":"SV_9L8wlCv796BMfJk","Element":"SQ","PrimaryAttribute":"QID132","SecondaryAttribute":"Q05d_p (1 point)","TertiaryAttribute":null,"Payload":{"QuestionText":"Q05d_p (1 point)","DefaultChoices":{"3":{"Selected":true}},"DataExportTag":"Q25","QuestionType":"MC","Selector":"DL","DataVisibility":{"Private":false,"Hidden":false},"Configuration":{"QuestionDescriptionOption":"UseText"},"QuestionDescription":"Q05d_p (1 point)","Choices":{"1":{"Display":"0"},"2":{"Display":"0.5"},"3":{"Display":"1"}},"ChoiceOrder":[1,2,3],"Validation":{"Settings":{"ForceResponse":"OFF","ForceResponseType":"ON","Type":"None"}},"GradingData":[],"Language":[],"NextChoiceId":45,"NextAnswerId":1,"QuestionID":"QID132"}},{"SurveyID":"SV_9L8wlCv796BMfJk","Element":"SQ","PrimaryAttribute":"QID133","SecondaryAttribute":"Q05e","TertiaryAttribute":null,"Payload":{"QuestionText":"Q05e","DefaultChoices":{"1":{"Selected":true}},"DataExportTag":"Q26","QuestionType":"MC","Selector":"SAVR","SubSelector":"TX","DataVisibility":{"Private":false,"Hidden":false},"Configuration":{"QuestionDescriptionOption":"UseText"},"QuestionDescription":"Q05e","Choices":{"1":{"Display":"Correct"},"2":{"Display":"No answer"},"3":{"Display":"Partially correct.","TextEntry":"true"},"4":{"Display":"Partially correct"},"5":{"Display":"Incorrect.","TextEntry":"true"}},"ChoiceOrder":[1,"4",2,3,"5"],"Validation":{"Settings":{"ForceResponse":"ON","ForceResponseType":"ON","Type":"None"}},"Language":[],"NextChoiceId":6,"NextAnswerId":1,"QuestionID":"QID133"}},{"SurveyID":"SV_9L8wlCv796BMfJk","Element":"SQ","PrimaryAttribute":"QID134","SecondaryAttribute":"Q05e_p (1 point)","TertiaryAttribute":null,"Payload":{"QuestionText":"Q05e_p (1 point)","DefaultChoices":{"3":{"Selected":true}},"DataExportTag":"Q27","QuestionType":"MC","Selector":"DL","DataVisibility":{"Private":false,"Hidden":false},"Configuration":{"QuestionDescriptionOption":"UseText"},"QuestionDescription":"Q05e_p (1 point)","Choices":{"1":{"Display":"0"},"2":{"Display":"0.5"},"3":{"Display":"1"}},"ChoiceOrder":[1,2,3],"Validation":{"Settings":{"ForceResponse":"OFF","ForceResponseType":"ON","Type":"None"}},"GradingData":[],"Language":[],"NextChoiceId":45,"NextAnswerId":1,"QuestionID":"QID134"}},{"SurveyID":"SV_9L8wlCv796BMfJk","Element":"SQ","PrimaryAttribute":"QID135","SecondaryAttribute":"Q05f","TertiaryAttribute":null,"Payload":{"QuestionText":"Q05f","DefaultChoices":{"1":{"Selected":true}},"DataExportTag":"Q28","QuestionType":"MC","Selector":"SAVR","SubSelector":"TX","DataVisibility":{"Private":false,"Hidden":false},"Configuration":{"QuestionDescriptionOption":"UseText"},"QuestionDescription":"Q05f","Choices":{"1":{"Display":"Correct"},"2":{"Display":"No answer"},"3":{"Display":"Partially correct.","TextEntry":"true"},"4":{"Display":"Partially correct"},"5":{"Display":"Incorrect.","TextEntry":"true"}},"ChoiceOrder":[1,"4",2,3,"5"],"Validation":{"Settings":{"ForceResponse":"ON","ForceResponseType":"ON","Type":"None"}},"Language":[],"NextChoiceId":6,"NextAnswerId":1,"QuestionID":"QID135"}},{"SurveyID":"SV_9L8wlCv796BMfJk","Element":"SQ","PrimaryAttribute":"QID136","SecondaryAttribute":"Q05f_p (1 point)","TertiaryAttribute":null,"Payload":{"QuestionText":"Q05f_p (1 point)","DefaultChoices":{"3":{"Selected":true}},"DataExportTag":"Q29","QuestionType":"MC","Selector":"DL","DataVisibility":{"Private":false,"Hidden":false},"Configuration":{"QuestionDescriptionOption":"UseText"},"QuestionDescription":"Q05f_p (1 point)","Choices":{"1":{"Display":"0"},"2":{"Display":"0.5"},"3":{"Display":"1"}},"ChoiceOrder":[1,2,3],"Validation":{"Settings":{"ForceResponse":"OFF","ForceResponseType":"ON","Type":"None"}},"GradingData":[],"Language":[],"NextChoiceId":45,"NextAnswerId":1,"QuestionID":"QID136"}},{"SurveyID":"SV_9L8wlCv796BMfJk","Element":"SQ","PrimaryAttribute":"QID139","SecondaryAttribute":"Q05f_p (1 point)","TertiaryAttribute":null,"Payload":{"QuestionText":"Q05f_p (1 point)","DefaultChoices":{"3":{"Selected":true}},"DataExportTag":"Q32","QuestionType":"MC","Selector":"DL","DataVisibility":{"Private":false,"Hidden":false},"Configuration":{"QuestionDescriptionOption":"UseText"},"QuestionDescription":"Q05f_p (1 point)","Choices":{"1":{"Display":"0"},"2":{"Display":"0.5"},"3":{"Display":"1"}},"ChoiceOrder":[1,2,3],"Validation":{"Settings":{"ForceResponse":"OFF","ForceResponseType":"ON","Type":"None"}},"GradingData":[],"Language":[],"NextChoiceId":45,"NextAnswerId":1,"QuestionID":"QID139"}},{"SurveyID":"SV_9L8wlCv796BMfJk","Element":"SQ","PrimaryAttribute":"QID137","SecondaryAttribute":"Q06a (1 point)","TertiaryAttribute":null,"Payload":{"QuestionText":"Q06a (1 point)","DefaultChoices":{"1":{"Selected":true}},"DataExportTag":"Q30","QuestionType":"MC","Selector":"SAVR","SubSelector":"TX","DataVisibility":{"Private":false,"Hidden":false},"Configuration":{"QuestionDescriptionOption":"UseText"},"QuestionDescription":"Q06a (1 point)","Choices":{"1":{"Display":"Correct"},"2":{"Display":"No answer"},"3":{"Display":"Partially correct.","TextEntry":"true"},"4":{"Display":"Partially correct"},"5":{"Display":"Incorrect.","TextEntry":"true"}},"ChoiceOrder":[1,"4",2,3,"5"],"Validation":{"Settings":{"ForceResponse":"ON","ForceResponseType":"ON","Type":"None"}},"Language":[],"NextChoiceId":6,"NextAnswerId":1,"QuestionID":"QID137"}},{"SurveyID":"SV_9L8wlCv796BMfJk","Element":"SQ","PrimaryAttribute":"QID138","SecondaryAttribute":"Q06a_p (1 point)","TertiaryAttribute":null,"Payload":{"QuestionText":"Q06a_p (1 point)","DefaultChoices":{"45":{"Selected":true}},"DataExportTag":"Q31","QuestionType":"MC","Selector":"DL","DataVisibility":{"Private":false,"Hidden":false},"Configuration":{"QuestionDescriptionOption":"UseText"},"QuestionDescription":"Q06a_p (1 point)","Choices":{"1":{"Display":"0"},"2":{"Display":"0.5"},"45":{"Display":"1"}},"ChoiceOrder":[1,2,"45"],"Validation":{"Settings":{"ForceResponse":"OFF","ForceResponseType":"ON","Type":"None"}},"GradingData":[],"Language":[],"NextChoiceId":46,"NextAnswerId":1,"QuestionID":"QID138"}}]}